
Microsoft Visual Studio Solution File, Format Version 12.00
# Visual Studio Version 16
VisualStudioVersion = 16.0.31229.75
MinimumVisualStudioVersion = 10.0.40219.1
Project("{FAE04EC0-301F-11D3-BF4B-00C04F79EFBC}") = "LayoutSwitcher", "LayoutSwitcher\LayoutSwitcher.csproj", "{458EE00C-3677-4E17-B9C8-1E3A8DFBB1B6}"
EndProject
Project("{2150E333-8FDC-42A3-9474-1A3956D46DE8}") = "Solution Items", "Solution Items", "{2CC9E2AA-91B7-4328-8037-46C5770D19EE}"
EndProject
Global
	GlobalSection(SolutionConfigurationPlatforms) = preSolution
		Debug|Any CPU = Debug|Any CPU
		Release|Any CPU = Release|Any CPU
	EndGlobalSection
	GlobalSection(ProjectConfigurationPlatforms) = postSolution
		{458EE00C-3677-4E17-B9C8-1E3A8DFBB1B6}.Debug|Any CPU.ActiveCfg = Debug|Any CPU
		{458EE00C-3677-4E17-B9C8-1E3A8DFBB1B6}.Debug|Any CPU.Build.0 = Debug|Any CPU
		{458EE00C-3677-4E17-B9C8-1E3A8DFBB1B6}.Release|Any CPU.ActiveCfg = Release|Any CPU
		{458EE00C-3677-4E17-B9C8-1E3A8DFBB1B6}.Release|Any CPU.Build.0 = Release|Any CPU
	EndGlobalSection
	GlobalSection(SolutionProperties) = preSolution
		HideSolutionNode = FALSE
	EndGlobalSection
	GlobalSection(ExtensibilityGlobals) = postSolution
		SolutionGuid = {D7CA6F51-F101-411E-9834-A596610550E2}
	EndGlobalSection
EndGlobal
